# This file is automatically @generated by Poetry 1.4.2 and should not be changed by hand.

[[package]]
name = "aiostream"
version = "0.4.5"
description = "Generator-based operators for asynchronous iteration"
category = "main"
optional = false
python-versions = "*"
files = [
    {file = "aiostream-0.4.5-py3-none-any.whl", hash = "sha256:25b7c2d9c83570d78c0ef5a20e949b7d0b8ea3b0b0a4f22c49d3f721105a6057"},
    {file = "aiostream-0.4.5.tar.gz", hash = "sha256:3ecbf87085230fbcd9605c32ca20c4fb41af02c71d076eab246ea22e35947d88"},
]

[[package]]
name = "anyio"
version = "3.6.2"
description = "High level compatibility layer for multiple asynchronous event loop implementations"
category = "main"
optional = false
python-versions = ">=3.6.2"
files = [
    {file = "anyio-3.6.2-py3-none-any.whl", hash = "sha256:fbbe32bd270d2a2ef3ed1c5d45041250284e31fc0a4df4a5a6071842051a51e3"},
    {file = "anyio-3.6.2.tar.gz", hash = "sha256:25ea0d673ae30af41a0c442f81cf3b38c7e79fdc7b60335a4c14e05eb0947421"},
]

[package.dependencies]
idna = ">=2.8"
sniffio = ">=1.1"

[package.extras]
doc = ["packaging", "sphinx-autodoc-typehints (>=1.2.0)", "sphinx-rtd-theme"]
test = ["contextlib2", "coverage[toml] (>=4.5)", "hypothesis (>=4.0)", "mock (>=4)", "pytest (>=7.0)", "pytest-mock (>=3.6.1)", "trustme", "uvloop (<0.15)", "uvloop (>=0.15)"]
trio = ["trio (>=0.16,<0.22)"]

[[package]]
name = "black"
version = "23.3.0"
description = "The uncompromising code formatter."
category = "dev"
optional = false
python-versions = ">=3.7"
files = [
    {file = "black-23.3.0-cp310-cp310-macosx_10_16_arm64.whl", hash = "sha256:0945e13506be58bf7db93ee5853243eb368ace1c08a24c65ce108986eac65915"},
    {file = "black-23.3.0-cp310-cp310-macosx_10_16_universal2.whl", hash = "sha256:67de8d0c209eb5b330cce2469503de11bca4085880d62f1628bd9972cc3366b9"},
    {file = "black-23.3.0-cp310-cp310-macosx_10_16_x86_64.whl", hash = "sha256:7c3eb7cea23904399866c55826b31c1f55bbcd3890ce22ff70466b907b6775c2"},
    {file = "black-23.3.0-cp310-cp310-manylinux_2_17_x86_64.manylinux2014_x86_64.whl", hash = "sha256:32daa9783106c28815d05b724238e30718f34155653d4d6e125dc7daec8e260c"},
    {file = "black-23.3.0-cp310-cp310-win_amd64.whl", hash = "sha256:35d1381d7a22cc5b2be2f72c7dfdae4072a3336060635718cc7e1ede24221d6c"},
    {file = "black-23.3.0-cp311-cp311-macosx_10_16_arm64.whl", hash = "sha256:a8a968125d0a6a404842fa1bf0b349a568634f856aa08ffaff40ae0dfa52e7c6"},
    {file = "black-23.3.0-cp311-cp311-macosx_10_16_universal2.whl", hash = "sha256:c7ab5790333c448903c4b721b59c0d80b11fe5e9803d8703e84dcb8da56fec1b"},
    {file = "black-23.3.0-cp311-cp311-macosx_10_16_x86_64.whl", hash = "sha256:a6f6886c9869d4daae2d1715ce34a19bbc4b95006d20ed785ca00fa03cba312d"},
    {file = "black-23.3.0-cp311-cp311-manylinux_2_17_x86_64.manylinux2014_x86_64.whl", hash = "sha256:6f3c333ea1dd6771b2d3777482429864f8e258899f6ff05826c3a4fcc5ce3f70"},
    {file = "black-23.3.0-cp311-cp311-win_amd64.whl", hash = "sha256:11c410f71b876f961d1de77b9699ad19f939094c3a677323f43d7a29855fe326"},
    {file = "black-23.3.0-cp37-cp37m-macosx_10_16_x86_64.whl", hash = "sha256:1d06691f1eb8de91cd1b322f21e3bfc9efe0c7ca1f0e1eb1db44ea367dff656b"},
    {file = "black-23.3.0-cp37-cp37m-manylinux_2_17_x86_64.manylinux2014_x86_64.whl", hash = "sha256:50cb33cac881766a5cd9913e10ff75b1e8eb71babf4c7104f2e9c52da1fb7de2"},
    {file = "black-23.3.0-cp37-cp37m-win_amd64.whl", hash = "sha256:e114420bf26b90d4b9daa597351337762b63039752bdf72bf361364c1aa05925"},
    {file = "black-23.3.0-cp38-cp38-macosx_10_16_arm64.whl", hash = "sha256:48f9d345675bb7fbc3dd85821b12487e1b9a75242028adad0333ce36ed2a6d27"},
    {file = "black-23.3.0-cp38-cp38-macosx_10_16_universal2.whl", hash = "sha256:714290490c18fb0126baa0fca0a54ee795f7502b44177e1ce7624ba1c00f2331"},
    {file = "black-23.3.0-cp38-cp38-macosx_10_16_x86_64.whl", hash = "sha256:064101748afa12ad2291c2b91c960be28b817c0c7eaa35bec09cc63aa56493c5"},
    {file = "black-23.3.0-cp38-cp38-manylinux_2_17_x86_64.manylinux2014_x86_64.whl", hash = "sha256:562bd3a70495facf56814293149e51aa1be9931567474993c7942ff7d3533961"},
    {file = "black-23.3.0-cp38-cp38-win_amd64.whl", hash = "sha256:e198cf27888ad6f4ff331ca1c48ffc038848ea9f031a3b40ba36aced7e22f2c8"},
    {file = "black-23.3.0-cp39-cp39-macosx_10_16_arm64.whl", hash = "sha256:3238f2aacf827d18d26db07524e44741233ae09a584273aa059066d644ca7b30"},
    {file = "black-23.3.0-cp39-cp39-macosx_10_16_universal2.whl", hash = "sha256:f0bd2f4a58d6666500542b26354978218a9babcdc972722f4bf90779524515f3"},
    {file = "black-23.3.0-cp39-cp39-macosx_10_16_x86_64.whl", hash = "sha256:92c543f6854c28a3c7f39f4d9b7694f9a6eb9d3c5e2ece488c327b6e7ea9b266"},
    {file = "black-23.3.0-cp39-cp39-manylinux_2_17_x86_64.manylinux2014_x86_64.whl", hash = "sha256:3a150542a204124ed00683f0db1f5cf1c2aaaa9cc3495b7a3b5976fb136090ab"},
    {file = "black-23.3.0-cp39-cp39-win_amd64.whl", hash = "sha256:6b39abdfb402002b8a7d030ccc85cf5afff64ee90fa4c5aebc531e3ad0175ddb"},
    {file = "black-23.3.0-py3-none-any.whl", hash = "sha256:ec751418022185b0c1bb7d7736e6933d40bbb14c14a0abcf9123d1b159f98dd4"},
    {file = "black-23.3.0.tar.gz", hash = "sha256:1c7b8d606e728a41ea1ccbd7264677e494e87cf630e399262ced92d4a8dac940"},
]

[package.dependencies]
click = ">=8.0.0"
mypy-extensions = ">=0.4.3"
packaging = ">=22.0"
pathspec = ">=0.9.0"
platformdirs = ">=2"
tomli = {version = ">=1.1.0", markers = "python_version < \"3.11\""}

[package.extras]
colorama = ["colorama (>=0.4.3)"]
d = ["aiohttp (>=3.7.4)"]
jupyter = ["ipython (>=7.8.0)", "tokenize-rt (>=3.2.0)"]
uvloop = ["uvloop (>=0.15.2)"]

[[package]]
name = "certifi"
version = "2022.12.7"
description = "Python package for providing Mozilla's CA Bundle."
category = "main"
optional = false
python-versions = ">=3.6"
files = [
    {file = "certifi-2022.12.7-py3-none-any.whl", hash = "sha256:4ad3232f5e926d6718ec31cfc1fcadfde020920e278684144551c91769c7bc18"},
    {file = "certifi-2022.12.7.tar.gz", hash = "sha256:35824b4c3a97115964b408844d64aa14db1cc518f6562e8d7261699d1350a9e3"},
]

[[package]]
name = "click"
version = "8.1.3"
description = "Composable command line interface toolkit"
category = "main"
optional = false
python-versions = ">=3.7"
files = [
    {file = "click-8.1.3-py3-none-any.whl", hash = "sha256:bb4d8133cb15a609f44e8213d9b391b0809795062913b383c62be0ee95b1db48"},
    {file = "click-8.1.3.tar.gz", hash = "sha256:7682dc8afb30297001674575ea00d1814d808d6a36af415a82bd481d37ba7b8e"},
]

[package.dependencies]
colorama = {version = "*", markers = "platform_system == \"Windows\""}

[[package]]
name = "colorama"
version = "0.4.6"
description = "Cross-platform colored terminal text."
category = "main"
optional = false
python-versions = "!=3.0.*,!=3.1.*,!=3.2.*,!=3.3.*,!=3.4.*,!=3.5.*,!=3.6.*,>=2.7"
files = [
    {file = "colorama-0.4.6-py2.py3-none-any.whl", hash = "sha256:4f1d9991f5acc0ca119f9d443620b77f9d6b33703e51011c16baf57afb285fc6"},
    {file = "colorama-0.4.6.tar.gz", hash = "sha256:08695f5cb7ed6e0531a20572697297273c47b8cae5a63ffc6d6ed5c201be6e44"},
]

[[package]]
name = "h11"
version = "0.14.0"
description = "A pure-Python, bring-your-own-I/O implementation of HTTP/1.1"
category = "main"
optional = false
python-versions = ">=3.7"
files = [
    {file = "h11-0.14.0-py3-none-any.whl", hash = "sha256:e3fe4ac4b851c468cc8363d500db52c2ead036020723024a109d37346efaa761"},
    {file = "h11-0.14.0.tar.gz", hash = "sha256:8f19fbbe99e72420ff35c00b27a34cb9937e902a8b810e2c88300c6f0a3b699d"},
]

[[package]]
name = "h2"
version = "4.1.0"
description = "HTTP/2 State-Machine based protocol implementation"
category = "main"
optional = false
python-versions = ">=3.6.1"
files = [
    {file = "h2-4.1.0-py3-none-any.whl", hash = "sha256:03a46bcf682256c95b5fd9e9a99c1323584c3eec6440d379b9903d709476bc6d"},
    {file = "h2-4.1.0.tar.gz", hash = "sha256:a83aca08fbe7aacb79fec788c9c0bac936343560ed9ec18b82a13a12c28d2abb"},
]

[package.dependencies]
hpack = ">=4.0,<5"
hyperframe = ">=6.0,<7"

[[package]]
name = "hpack"
version = "4.0.0"
description = "Pure-Python HPACK header compression"
category = "main"
optional = false
python-versions = ">=3.6.1"
files = [
    {file = "hpack-4.0.0-py3-none-any.whl", hash = "sha256:84a076fad3dc9a9f8063ccb8041ef100867b1878b25ef0ee63847a5d53818a6c"},
    {file = "hpack-4.0.0.tar.gz", hash = "sha256:fc41de0c63e687ebffde81187a948221294896f6bdc0ae2312708df339430095"},
]

[[package]]
name = "httpcore"
version = "0.17.0"
description = "A minimal low-level HTTP client."
category = "main"
optional = false
python-versions = ">=3.7"
files = [
    {file = "httpcore-0.17.0-py3-none-any.whl", hash = "sha256:0fdfea45e94f0c9fd96eab9286077f9ff788dd186635ae61b312693e4d943599"},
    {file = "httpcore-0.17.0.tar.gz", hash = "sha256:cc045a3241afbf60ce056202301b4d8b6af08845e3294055eb26b09913ef903c"},
]

[package.dependencies]
anyio = ">=3.0,<5.0"
certifi = "*"
h11 = ">=0.13,<0.15"
sniffio = ">=1.0.0,<2.0.0"

[package.extras]
http2 = ["h2 (>=3,<5)"]
socks = ["socksio (>=1.0.0,<2.0.0)"]

[[package]]
name = "httpx"
version = "0.24.0"
description = "The next generation HTTP client."
category = "main"
optional = false
python-versions = ">=3.7"
files = [
    {file = "httpx-0.24.0-py3-none-any.whl", hash = "sha256:447556b50c1921c351ea54b4fe79d91b724ed2b027462ab9a329465d147d5a4e"},
    {file = "httpx-0.24.0.tar.gz", hash = "sha256:507d676fc3e26110d41df7d35ebd8b3b8585052450f4097401c9be59d928c63e"},
]

[package.dependencies]
certifi = "*"
h2 = {version = ">=3,<5", optional = true, markers = "extra == \"http2\""}
httpcore = ">=0.15.0,<0.18.0"
idna = "*"
sniffio = "*"

[package.extras]
brotli = ["brotli", "brotlicffi"]
cli = ["click (>=8.0.0,<9.0.0)", "pygments (>=2.0.0,<3.0.0)", "rich (>=10,<14)"]
http2 = ["h2 (>=3,<5)"]
socks = ["socksio (>=1.0.0,<2.0.0)"]

[[package]]
name = "hyperframe"
version = "6.0.1"
description = "HTTP/2 framing layer for Python"
category = "main"
optional = false
python-versions = ">=3.6.1"
files = [
    {file = "hyperframe-6.0.1-py3-none-any.whl", hash = "sha256:0ec6bafd80d8ad2195c4f03aacba3a8265e57bc4cff261e802bf39970ed02a15"},
    {file = "hyperframe-6.0.1.tar.gz", hash = "sha256:ae510046231dc8e9ecb1a6586f63d2347bf4c8905914aa84ba585ae85f28a914"},
]

[[package]]
name = "idna"
version = "3.4"
description = "Internationalized Domain Names in Applications (IDNA)"
category = "main"
optional = false
python-versions = ">=3.5"
files = [
    {file = "idna-3.4-py3-none-any.whl", hash = "sha256:90b77e79eaa3eba6de819a0c442c0b4ceefc341a7a2ab77d7562bf49f425c5c2"},
    {file = "idna-3.4.tar.gz", hash = "sha256:814f528e8dead7d329833b91c5faa87d60bf71824cd12a7530b5526063d02cb4"},
]

[[package]]
name = "mypy-extensions"
version = "1.0.0"
description = "Type system extensions for programs checked with the mypy type checker."
category = "dev"
optional = false
python-versions = ">=3.5"
files = [
    {file = "mypy_extensions-1.0.0-py3-none-any.whl", hash = "sha256:4392f6c0eb8a5668a69e23d168ffa70f0be9ccfd32b5cc2d26a34ae5b844552d"},
    {file = "mypy_extensions-1.0.0.tar.gz", hash = "sha256:75dbf8955dc00442a438fc4d0666508a9a97b6bd41aa2f0ffe9d2f2725af0782"},
]

[[package]]
name = "orjson"
version = "3.8.10"
description = "Fast, correct Python JSON library supporting dataclasses, datetimes, and numpy"
category = "main"
optional = false
python-versions = ">= 3.7"
files = [
    {file = "orjson-3.8.10-cp310-cp310-macosx_10_7_x86_64.whl", hash = "sha256:4dfe0651e26492d5d929bbf4322de9afbd1c51ac2e3947a7f78492b20359711d"},
    {file = "orjson-3.8.10-cp310-cp310-macosx_10_9_x86_64.macosx_11_0_arm64.macosx_10_9_universal2.whl", hash = "sha256:bc30de5c7b3a402eb59cc0656b8ee53ca36322fc52ab67739c92635174f88336"},
    {file = "orjson-3.8.10-cp310-cp310-manylinux_2_17_aarch64.manylinux2014_aarch64.whl", hash = "sha256:c08b426fae7b9577b528f99af0f7e0ff3ce46858dd9a7d1bf86d30f18df89a4c"},
    {file = "orjson-3.8.10-cp310-cp310-manylinux_2_17_armv7l.manylinux2014_armv7l.whl", hash = "sha256:bce970f293825e008dbf739268dfa41dfe583aa2a1b5ef4efe53a0e92e9671ea"},
    {file = "orjson-3.8.10-cp310-cp310-manylinux_2_17_ppc64le.manylinux2014_ppc64le.whl", hash = "sha256:9b23fb0264bbdd7218aa685cb6fc71f0dcecf34182f0a8596a3a0dff010c06f9"},
    {file = "orjson-3.8.10-cp310-cp310-manylinux_2_17_s390x.manylinux2014_s390x.whl", hash = "sha256:0826ad2dc1cea1547edff14ce580374f0061d853cbac088c71162dbfe2e52205"},
    {file = "orjson-3.8.10-cp310-cp310-manylinux_2_17_x86_64.manylinux2014_x86_64.whl", hash = "sha256:a7bce6e61cea6426309259b04c6ee2295b3f823ea51a033749459fe2dd0423b2"},
    {file = "orjson-3.8.10-cp310-cp310-manylinux_2_28_x86_64.whl", hash = "sha256:0b470d31244a6f647e5402aac7d2abaf7bb4f52379acf67722a09d35a45c9417"},
    {file = "orjson-3.8.10-cp310-cp310-musllinux_1_1_aarch64.whl", hash = "sha256:48824649019a25d3e52f6454435cf19fe1eb3d05ee697e65d257f58ae3aa94d9"},
    {file = "orjson-3.8.10-cp310-cp310-musllinux_1_1_x86_64.whl", hash = "sha256:faee89e885796a9cc493c930013fa5cfcec9bfaee431ddf00f0fbfb57166a8b3"},
    {file = "orjson-3.8.10-cp310-none-win_amd64.whl", hash = "sha256:3cfe32b1227fe029a5ad989fbec0b453a34e5e6d9a977723f7c3046d062d3537"},
    {file = "orjson-3.8.10-cp311-cp311-macosx_10_7_x86_64.whl", hash = "sha256:2073b62822738d6740bd2492f6035af5c2fd34aa198322b803dc0e70559a17b7"},
    {file = "orjson-3.8.10-cp311-cp311-macosx_10_9_x86_64.macosx_11_0_arm64.macosx_10_9_universal2.whl", hash = "sha256:b2c4faf20b6bb5a2d7ac0c16f58eb1a3800abcef188c011296d1dc2bb2224d48"},
    {file = "orjson-3.8.10-cp311-cp311-manylinux_2_17_aarch64.manylinux2014_aarch64.whl", hash = "sha256:8c1825997232a324911d11c75d91e1e0338c7b723c149cf53a5fc24496c048a4"},
    {file = "orjson-3.8.10-cp311-cp311-manylinux_2_17_armv7l.manylinux2014_armv7l.whl", hash = "sha256:f7e85d4682f3ed7321d36846cad0503e944ea9579ef435d4c162e1b73ead8ac9"},
    {file = "orjson-3.8.10-cp311-cp311-manylinux_2_17_ppc64le.manylinux2014_ppc64le.whl", hash = "sha256:2b8cdaacecb92997916603ab232bb096d0fa9e56b418ca956b9754187d65ca06"},
    {file = "orjson-3.8.10-cp311-cp311-manylinux_2_17_s390x.manylinux2014_s390x.whl", hash = "sha256:ddabc5e44702d13137949adee3c60b7091e73a664f6e07c7b428eebb2dea7bbf"},
    {file = "orjson-3.8.10-cp311-cp311-manylinux_2_17_x86_64.manylinux2014_x86_64.whl", hash = "sha256:27bb26e171e9cfdbec39c7ca4739b6bef8bd06c293d56d92d5e3a3fc017df17d"},
    {file = "orjson-3.8.10-cp311-cp311-manylinux_2_28_x86_64.whl", hash = "sha256:1810e5446fe68d61732e9743592da0ec807e63972eef076d09e02878c2f5958e"},
    {file = "orjson-3.8.10-cp311-cp311-musllinux_1_1_aarch64.whl", hash = "sha256:61e2e51cefe7ef90c4fbbc9fd38ecc091575a3ea7751d56fad95cbebeae2a054"},
    {file = "orjson-3.8.10-cp311-cp311-musllinux_1_1_x86_64.whl", hash = "sha256:f3e9ac9483c2b4cd794e760316966b7bd1e6afb52b0218f068a4e80c9b2db4f6"},
    {file = "orjson-3.8.10-cp311-none-win_amd64.whl", hash = "sha256:26aee557cf8c93b2a971b5a4a8e3cca19780573531493ce6573aa1002f5c4378"},
    {file = "orjson-3.8.10-cp37-cp37m-macosx_10_7_x86_64.whl", hash = "sha256:11ae68f995a50724032af297c92f20bcde31005e0bf3653b12bff9356394615b"},
    {file = "orjson-3.8.10-cp37-cp37m-macosx_10_9_x86_64.macosx_11_0_arm64.macosx_10_9_universal2.whl", hash = "sha256:35d879b46b8029e1e01e9f6067928b470a4efa1ca749b6d053232b873c2dcf66"},
    {file = "orjson-3.8.10-cp37-cp37m-manylinux_2_17_aarch64.manylinux2014_aarch64.whl", hash = "sha256:345e41abd1d9e3ecfb554e1e75ff818cf42e268bd06ad25a96c34e00f73a327e"},
    {file = "orjson-3.8.10-cp37-cp37m-manylinux_2_17_armv7l.manylinux2014_armv7l.whl", hash = "sha256:45a5afc9cda6b8aac066dd50d8194432fbc33e71f7164f95402999b725232d78"},
    {file = "orjson-3.8.10-cp37-cp37m-manylinux_2_17_ppc64le.manylinux2014_ppc64le.whl", hash = "sha256:ad632dc330a7b39da42530c8d146f76f727d476c01b719dc6743c2b5701aaf6b"},
    {file = "orjson-3.8.10-cp37-cp37m-manylinux_2_17_s390x.manylinux2014_s390x.whl", hash = "sha256:4bf2556ba99292c4dc550560384dd22e88b5cdbe6d98fb4e202e902b5775cf9f"},
    {file = "orjson-3.8.10-cp37-cp37m-manylinux_2_17_x86_64.manylinux2014_x86_64.whl", hash = "sha256:b88afd662190f19c3bb5036a903589f88b1d2c2608fbb97281ce000db6b08897"},
    {file = "orjson-3.8.10-cp37-cp37m-manylinux_2_28_x86_64.whl", hash = "sha256:abce8d319aae800fd2d774db1106f926dee0e8a5ca85998fd76391fcb58ef94f"},
    {file = "orjson-3.8.10-cp37-cp37m-musllinux_1_1_aarch64.whl", hash = "sha256:e999abca892accada083f7079612307d94dd14cc105a699588a324f843216509"},
    {file = "orjson-3.8.10-cp37-cp37m-musllinux_1_1_x86_64.whl", hash = "sha256:a3fdee68c4bb3c5d6f89ed4560f1384b5d6260e48fbf868bae1a245a3c693d4d"},
    {file = "orjson-3.8.10-cp37-none-win_amd64.whl", hash = "sha256:e5d7f82506212e047b184c06e4bcd48c1483e101969013623cebcf51cf12cad9"},
    {file = "orjson-3.8.10-cp38-cp38-macosx_10_7_x86_64.whl", hash = "sha256:d953e6c2087dcd990e794f8405011369ee11cf13e9aaae3172ee762ee63947f2"},
    {file = "orjson-3.8.10-cp38-cp38-macosx_10_9_x86_64.macosx_11_0_arm64.macosx_10_9_universal2.whl", hash = "sha256:81aa3f321d201bff0bd0f4014ea44e51d58a9a02d8f2b0eeab2cee22611be8e1"},
    {file = "orjson-3.8.10-cp38-cp38-manylinux_2_17_aarch64.manylinux2014_aarch64.whl", hash = "sha256:7d27b6182f75896dd8c10ea0f78b9265a3454be72d00632b97f84d7031900dd4"},
    {file = "orjson-3.8.10-cp38-cp38-manylinux_2_17_armv7l.manylinux2014_armv7l.whl", hash = "sha256:1486600bc1dd1db26c588dd482689edba3d72d301accbe4301db4b2b28bd7aa4"},
    {file = "orjson-3.8.10-cp38-cp38-manylinux_2_17_ppc64le.manylinux2014_ppc64le.whl", hash = "sha256:344ea91c556a2ce6423dc13401b83ab0392aa697a97fa4142c2c63a6fd0bbfef"},
    {file = "orjson-3.8.10-cp38-cp38-manylinux_2_17_s390x.manylinux2014_s390x.whl", hash = "sha256:979f231e3bad1c835627eef1a30db12a8af58bfb475a6758868ea7e81897211f"},
    {file = "orjson-3.8.10-cp38-cp38-manylinux_2_17_x86_64.manylinux2014_x86_64.whl", hash = "sha256:6fa3a26dcf0f5f2912a8ce8e87273e68b2a9526854d19fd09ea671b154418e88"},
    {file = "orjson-3.8.10-cp38-cp38-manylinux_2_28_x86_64.whl", hash = "sha256:b6e79d8864794635974b18821b49a7f27859d17b93413d4603efadf2e92da7a5"},
    {file = "orjson-3.8.10-cp38-cp38-musllinux_1_1_aarch64.whl", hash = "sha256:ce49999bcbbc14791c61844bc8a69af44f5205d219be540e074660038adae6bf"},
    {file = "orjson-3.8.10-cp38-cp38-musllinux_1_1_x86_64.whl", hash = "sha256:c2ef690335b24f9272dbf6639353c1ffc3f196623a92b851063e28e9515cf7dd"},
    {file = "orjson-3.8.10-cp38-none-win_amd64.whl", hash = "sha256:5a0b1f4e4fa75e26f814161196e365fc0e1a16e3c07428154505b680a17df02f"},
    {file = "orjson-3.8.10-cp39-cp39-macosx_10_7_x86_64.whl", hash = "sha256:af7601a78b99f0515af2f8ab12c955c0072ffcc1e437fb2556f4465783a4d813"},
    {file = "orjson-3.8.10-cp39-cp39-macosx_10_9_x86_64.macosx_11_0_arm64.macosx_10_9_universal2.whl", hash = "sha256:6bbd7b3a3e2030b03c68c4d4b19a2ef5b89081cbb43c05fe2010767ef5e408db"},
    {file = "orjson-3.8.10-cp39-cp39-manylinux_2_17_aarch64.manylinux2014_aarch64.whl", hash = "sha256:4355c9aedfefe60904e8bd7901315ebbc8bb828f665e4c9bc94b1432e67cb6f7"},
    {file = "orjson-3.8.10-cp39-cp39-manylinux_2_17_armv7l.manylinux2014_armv7l.whl", hash = "sha256:b7b0ba074375e25c1594e770e2215941e2017c3cd121889150737fa1123e8bfe"},
    {file = "orjson-3.8.10-cp39-cp39-manylinux_2_17_ppc64le.manylinux2014_ppc64le.whl", hash = "sha256:34b6901c110c06ab9e8d7d0496db4bc9a0c162ca8d77f67539d22cb39e0a1ef4"},
    {file = "orjson-3.8.10-cp39-cp39-manylinux_2_17_s390x.manylinux2014_s390x.whl", hash = "sha256:cb62ec16a1c26ad9487727b529103cb6a94a1d4969d5b32dd0eab5c3f4f5a6f2"},
    {file = "orjson-3.8.10-cp39-cp39-manylinux_2_17_x86_64.manylinux2014_x86_64.whl", hash = "sha256:595e1e7d04aaaa3d41113e4eb9f765ab642173c4001182684ae9ddc621bb11c8"},
    {file = "orjson-3.8.10-cp39-cp39-manylinux_2_28_x86_64.whl", hash = "sha256:64ffd92328473a2f9af059410bd10c703206a4bbc7b70abb1bedcd8761e39eb8"},
    {file = "orjson-3.8.10-cp39-cp39-musllinux_1_1_aarch64.whl", hash = "sha256:b1f648ec89c6a426098868460c0ef8c86b457ce1378d7569ff4acb6c0c454048"},
    {file = "orjson-3.8.10-cp39-cp39-musllinux_1_1_x86_64.whl", hash = "sha256:6a286ad379972e4f46579e772f0477e6b505f1823aabcd64ef097dbb4549e1a4"},
    {file = "orjson-3.8.10-cp39-none-win_amd64.whl", hash = "sha256:d2874cee6856d7c386b596e50bc517d1973d73dc40b2bd6abec057b5e7c76b2f"},
    {file = "orjson-3.8.10.tar.gz", hash = "sha256:dcf6adb4471b69875034afab51a14b64f1026bc968175a2bb02c5f6b358bd413"},
]

[[package]]
name = "packaging"
version = "23.1"
description = "Core utilities for Python packages"
category = "dev"
optional = false
python-versions = ">=3.7"
files = [
    {file = "packaging-23.1-py3-none-any.whl", hash = "sha256:994793af429502c4ea2ebf6bf664629d07c1a9fe974af92966e4b8d2df7edc61"},
    {file = "packaging-23.1.tar.gz", hash = "sha256:a392980d2b6cffa644431898be54b0045151319d1e7ec34f0cfed48767dd334f"},
]

[[package]]
name = "pathspec"
version = "0.11.1"
description = "Utility library for gitignore style pattern matching of file paths."
category = "dev"
optional = false
python-versions = ">=3.7"
files = [
    {file = "pathspec-0.11.1-py3-none-any.whl", hash = "sha256:d8af70af76652554bd134c22b3e8a1cc46ed7d91edcdd721ef1a0c51a84a5293"},
    {file = "pathspec-0.11.1.tar.gz", hash = "sha256:2798de800fa92780e33acca925945e9a19a133b715067cf165b8866c15a31687"},
]

[[package]]
name = "platformdirs"
version = "3.2.0"
description = "A small Python package for determining appropriate platform-specific dirs, e.g. a \"user data dir\"."
category = "dev"
optional = false
python-versions = ">=3.7"
files = [
    {file = "platformdirs-3.2.0-py3-none-any.whl", hash = "sha256:ebe11c0d7a805086e99506aa331612429a72ca7cd52a1f0d277dc4adc20cb10e"},
    {file = "platformdirs-3.2.0.tar.gz", hash = "sha256:d5b638ca397f25f979350ff789db335903d7ea010ab28903f57b27e1b16c2b08"},
]

[package.extras]
docs = ["furo (>=2022.12.7)", "proselint (>=0.13)", "sphinx (>=6.1.3)", "sphinx-autodoc-typehints (>=1.22,!=1.23.4)"]
test = ["appdirs (==1.4.4)", "covdefaults (>=2.3)", "pytest (>=7.2.2)", "pytest-cov (>=4)", "pytest-mock (>=3.10)"]

[[package]]
name = "python-dotenv"
version = "1.0.0"
description = "Read key-value pairs from a .env file and set them as environment variables"
category = "main"
optional = false
python-versions = ">=3.8"
files = [
    {file = "python-dotenv-1.0.0.tar.gz", hash = "sha256:a8df96034aae6d2d50a4ebe8216326c61c3eb64836776504fcca410e5937a3ba"},
    {file = "python_dotenv-1.0.0-py3-none-any.whl", hash = "sha256:f5971a9226b701070a4bf2c38c89e5a3f0d64de8debda981d1db98583009122a"},
]

[package.extras]
cli = ["click (>=5.0)"]

[[package]]
name = "sniffio"
version = "1.3.0"
description = "Sniff out which async library your code is running under"
category = "main"
optional = false
python-versions = ">=3.7"
files = [
    {file = "sniffio-1.3.0-py3-none-any.whl", hash = "sha256:eecefdce1e5bbfb7ad2eeaabf7c1eeb404d7757c379bd1f7e5cce9d8bf425384"},
    {file = "sniffio-1.3.0.tar.gz", hash = "sha256:e60305c5e5d314f5389259b7f22aaa33d8f7dee49763119234af3755c55b9101"},
]

[[package]]
name = "tenacity"
version = "8.2.2"
description = "Retry code until it succeeds"
category = "main"
optional = false
python-versions = ">=3.6"
files = [
    {file = "tenacity-8.2.2-py3-none-any.whl", hash = "sha256:2f277afb21b851637e8f52e6a613ff08734c347dc19ade928e519d7d2d8569b0"},
    {file = "tenacity-8.2.2.tar.gz", hash = "sha256:43af037822bd0029025877f3b2d97cc4d7bb0c2991000a3d59d71517c5c969e0"},
]

[package.extras]
doc = ["reno", "sphinx", "tornado (>=4.5)"]

[[package]]
name = "tomli"
version = "2.0.1"
description = "A lil' TOML parser"
category = "dev"
optional = false
python-versions = ">=3.7"
files = [
    {file = "tomli-2.0.1-py3-none-any.whl", hash = "sha256:939de3e7a6161af0c887ef91b7d41a53e7c5a1ca976325f429cb46ea9bc30ecc"},
    {file = "tomli-2.0.1.tar.gz", hash = "sha256:de526c12914f0c550d15924c62d72abc48d6fe7364aa87328337a31007fe8a4f"},
]

[[package]]
name = "tqdm"
version = "4.65.0"
description = "Fast, Extensible Progress Meter"
category = "main"
optional = false
python-versions = ">=3.7"
files = [
    {file = "tqdm-4.65.0-py3-none-any.whl", hash = "sha256:c4f53a17fe37e132815abceec022631be8ffe1b9381c2e6e30aa70edc99e9671"},
    {file = "tqdm-4.65.0.tar.gz", hash = "sha256:1871fb68a86b8fb3b59ca4cdd3dcccbc7e6d613eeed31f4c332531977b89beb5"},
]

[package.dependencies]
colorama = {version = "*", markers = "platform_system == \"Windows\""}

[package.extras]
dev = ["py-make (>=0.1.0)", "twine", "wheel"]
notebook = ["ipywidgets (>=6)"]
slack = ["slack-sdk"]
telegram = ["requests"]

[metadata]
lock-version = "2.0"
python-versions = "^3.10"
content-hash = "298609089d4c822242a65eba5aad6406ff0008644edb6dea7998b458b8319767"
